
Microsoft Visual Studio Solution File, Format Version 12.00
# Visual Studio Version 17
VisualStudioVersion = 17.0.32112.339
MinimumVisualStudioVersion = 10.0.40219.1
Project("{2150E333-8FDC-42A3-9474-1A3956D46DE8}") = "Services", "Services", "{09C56F0B-423D-47B2-B37F-643FABA8519A}"
EndProject
Project("{9A19103F-16F7-4668-BE54-9A1E7A4F7556}") = "Catelog.API", "Catelog.API\Catelog.API.csproj", "{8AF0C39C-9A8B-48B6-84A9-2EF5B57CAF27}"
EndProject
Project("{9A19103F-16F7-4668-BE54-9A1E7A4F7556}") = "Basket.API", "Basket.API\Basket.API.csproj", "{8CB54961-298E-40D4-BFC1-F4EE420B2E38}"
EndProject
Project("{FAE04EC0-301F-11D3-BF4B-00C04F79EFBC}") = "Discount.API", "Discount.API\Discount.API.csproj", "{69F5E3E4-8A90-403B-90F3-E64AA194D020}"
EndProject
Global
	GlobalSection(SolutionConfigurationPlatforms) = preSolution
		Debug|Any CPU = Debug|Any CPU
		Release|Any CPU = Release|Any CPU
	EndGlobalSection
	GlobalSection(ProjectConfigurationPlatforms) = postSolution
		{8AF0C39C-9A8B-48B6-84A9-2EF5B57CAF27}.Debug|Any CPU.ActiveCfg = Debug|Any CPU
		{8AF0C39C-9A8B-48B6-84A9-2EF5B57CAF27}.Debug|Any CPU.Build.0 = Debug|Any CPU
		{8AF0C39C-9A8B-48B6-84A9-2EF5B57CAF27}.Release|Any CPU.ActiveCfg = Release|Any CPU
		{8AF0C39C-9A8B-48B6-84A9-2EF5B57CAF27}.Release|Any CPU.Build.0 = Release|Any CPU
		{8CB54961-298E-40D4-BFC1-F4EE420B2E38}.Debug|Any CPU.ActiveCfg = Debug|Any CPU
		{8CB54961-298E-40D4-BFC1-F4EE420B2E38}.Debug|Any CPU.Build.0 = Debug|Any CPU
		{8CB54961-298E-40D4-BFC1-F4EE420B2E38}.Release|Any CPU.ActiveCfg = Release|Any CPU
		{8CB54961-298E-40D4-BFC1-F4EE420B2E38}.Release|Any CPU.Build.0 = Release|Any CPU
		{69F5E3E4-8A90-403B-90F3-E64AA194D020}.Debug|Any CPU.ActiveCfg = Debug|Any CPU
		{69F5E3E4-8A90-403B-90F3-E64AA194D020}.Debug|Any CPU.Build.0 = Debug|Any CPU
		{69F5E3E4-8A90-403B-90F3-E64AA194D020}.Release|Any CPU.ActiveCfg = Release|Any CPU
		{69F5E3E4-8A90-403B-90F3-E64AA194D020}.Release|Any CPU.Build.0 = Release|Any CPU
	EndGlobalSection
	GlobalSection(SolutionProperties) = preSolution
		HideSolutionNode = FALSE
	EndGlobalSection
	GlobalSection(NestedProjects) = preSolution
		{8AF0C39C-9A8B-48B6-84A9-2EF5B57CAF27} = {09C56F0B-423D-47B2-B37F-643FABA8519A}
		{8CB54961-298E-40D4-BFC1-F4EE420B2E38} = {09C56F0B-423D-47B2-B37F-643FABA8519A}
		{69F5E3E4-8A90-403B-90F3-E64AA194D020} = {09C56F0B-423D-47B2-B37F-643FABA8519A}
	EndGlobalSection
	GlobalSection(ExtensibilityGlobals) = postSolution
		SolutionGuid = {09B65D5F-39BE-4867-86D3-04836FE8B0C4}
	EndGlobalSection
EndGlobal
